
Microsoft Visual Studio Solution File, Format Version 12.00
# Visual Studio Version 17
VisualStudioVersion = 17.3.32929.385
MinimumVisualStudioVersion = 10.0.40219.1
Project("{FAE04EC0-301F-11D3-BF4B-00C04F79EFBC}") = "Chess", "Chess\Chess.csproj", "{25B8FA0F-CDF0-445C-9041-3436CE85009F}"
EndProject
Global
	GlobalSection(SolutionConfigurationPlatforms) = preSolution
		Debug|Any CPU = Debug|Any CPU
		Release|Any CPU = Release|Any CPU
	EndGlobalSection
	GlobalSection(ProjectConfigurationPlatforms) = postSolution
		{25B8FA0F-CDF0-445C-9041-3436CE85009F}.Debug|Any CPU.ActiveCfg = Debug|Any CPU
		{25B8FA0F-CDF0-445C-9041-3436CE85009F}.Debug|Any CPU.Build.0 = Debug|Any CPU
		{25B8FA0F-CDF0-445C-9041-3436CE85009F}.Release|Any CPU.ActiveCfg = Release|Any CPU
		{25B8FA0F-CDF0-445C-9041-3436CE85009F}.Release|Any CPU.Build.0 = Release|Any CPU
	EndGlobalSection
	GlobalSection(SolutionProperties) = preSolution
		HideSolutionNode = FALSE
	EndGlobalSection
	GlobalSection(ExtensibilityGlobals) = postSolution
		SolutionGuid = {47ECBB54-C13D-4DCB-83D7-58EB2D93396F}
	EndGlobalSection
EndGlobal
