
Microsoft Visual Studio Solution File, Format Version 12.00
# Visual Studio Version 17
VisualStudioVersion = 17.3.32929.385
MinimumVisualStudioVersion = 10.0.40219.1
Project("{FAE04EC0-301F-11D3-BF4B-00C04F79EFBC}") = "ChessGame", "ChessGame\ChessGame.csproj", "{007CC12E-7444-4762-8E85-76598DE45851}"
EndProject
Global
	GlobalSection(SolutionConfigurationPlatforms) = preSolution
		Debug|Any CPU = Debug|Any CPU
		Release|Any CPU = Release|Any CPU
	EndGlobalSection
	GlobalSection(ProjectConfigurationPlatforms) = postSolution
		{007CC12E-7444-4762-8E85-76598DE45851}.Debug|Any CPU.ActiveCfg = Debug|Any CPU
		{007CC12E-7444-4762-8E85-76598DE45851}.Debug|Any CPU.Build.0 = Debug|Any CPU
		{007CC12E-7444-4762-8E85-76598DE45851}.Release|Any CPU.ActiveCfg = Release|Any CPU
		{007CC12E-7444-4762-8E85-76598DE45851}.Release|Any CPU.Build.0 = Release|Any CPU
	EndGlobalSection
	GlobalSection(SolutionProperties) = preSolution
		HideSolutionNode = FALSE
	EndGlobalSection
	GlobalSection(ExtensibilityGlobals) = postSolution
		SolutionGuid = {A82B8CEA-39C2-44DB-A892-7F49BFC3CC27}
	EndGlobalSection
EndGlobal
