
Microsoft Visual Studio Solution File, Format Version 12.00
# Visual Studio Version 17
VisualStudioVersion = 17.3.32929.385
MinimumVisualStudioVersion = 10.0.40219.1
Project("{FAE04EC0-301F-11D3-BF4B-00C04F79EFBC}") = "TEST", "TEST\TEST.csproj", "{61115D8F-E616-4D55-92EC-7AA634F7EF86}"
EndProject
Global
	GlobalSection(SolutionConfigurationPlatforms) = preSolution
		Debug|Any CPU = Debug|Any CPU
		Release|Any CPU = Release|Any CPU
	EndGlobalSection
	GlobalSection(ProjectConfigurationPlatforms) = postSolution
		{61115D8F-E616-4D55-92EC-7AA634F7EF86}.Debug|Any CPU.ActiveCfg = Debug|Any CPU
		{61115D8F-E616-4D55-92EC-7AA634F7EF86}.Debug|Any CPU.Build.0 = Debug|Any CPU
		{61115D8F-E616-4D55-92EC-7AA634F7EF86}.Release|Any CPU.ActiveCfg = Release|Any CPU
		{61115D8F-E616-4D55-92EC-7AA634F7EF86}.Release|Any CPU.Build.0 = Release|Any CPU
	EndGlobalSection
	GlobalSection(SolutionProperties) = preSolution
		HideSolutionNode = FALSE
	EndGlobalSection
	GlobalSection(ExtensibilityGlobals) = postSolution
		SolutionGuid = {72FA9BED-E4A1-4E7A-AEAB-1A5791F93EA5}
	EndGlobalSection
EndGlobal
