
Microsoft Visual Studio Solution File, Format Version 12.00
# Visual Studio Version 17
VisualStudioVersion = 17.3.32929.385
MinimumVisualStudioVersion = 10.0.40219.1
Project("{FAE04EC0-301F-11D3-BF4B-00C04F79EFBC}") = "BTH4_LaiChiThien_20520309", "BTH4_LaiChiThien_20520309\BTH4_LaiChiThien_20520309.csproj", "{4BE6E9FC-F6BE-4A96-A6D4-24D7071A6B9D}"
EndProject
Project("{FAE04EC0-301F-11D3-BF4B-00C04F79EFBC}") = "Bai06", "Bai06\Bai06.csproj", "{E13755B3-64B6-461D-BEBA-1F80B3EB9B57}"
EndProject
Project("{FAE04EC0-301F-11D3-BF4B-00C04F79EFBC}") = "Bai05", "Bai05\Bai05.csproj", "{D5AD2801-0A0C-4CB5-B671-D76C256ADA8C}"
EndProject
Project("{FAE04EC0-301F-11D3-BF4B-00C04F79EFBC}") = "Bai04", "Bai04\Bai04.csproj", "{B40BB65F-CB5B-4698-82EA-F1658E96F15A}"
EndProject
Global
	GlobalSection(SolutionConfigurationPlatforms) = preSolution
		Debug|Any CPU = Debug|Any CPU
		Release|Any CPU = Release|Any CPU
	EndGlobalSection
	GlobalSection(ProjectConfigurationPlatforms) = postSolution
		{4BE6E9FC-F6BE-4A96-A6D4-24D7071A6B9D}.Debug|Any CPU.ActiveCfg = Debug|Any CPU
		{4BE6E9FC-F6BE-4A96-A6D4-24D7071A6B9D}.Debug|Any CPU.Build.0 = Debug|Any CPU
		{4BE6E9FC-F6BE-4A96-A6D4-24D7071A6B9D}.Release|Any CPU.ActiveCfg = Release|Any CPU
		{4BE6E9FC-F6BE-4A96-A6D4-24D7071A6B9D}.Release|Any CPU.Build.0 = Release|Any CPU
		{E13755B3-64B6-461D-BEBA-1F80B3EB9B57}.Debug|Any CPU.ActiveCfg = Debug|Any CPU
		{E13755B3-64B6-461D-BEBA-1F80B3EB9B57}.Debug|Any CPU.Build.0 = Debug|Any CPU
		{E13755B3-64B6-461D-BEBA-1F80B3EB9B57}.Release|Any CPU.ActiveCfg = Release|Any CPU
		{E13755B3-64B6-461D-BEBA-1F80B3EB9B57}.Release|Any CPU.Build.0 = Release|Any CPU
		{D5AD2801-0A0C-4CB5-B671-D76C256ADA8C}.Debug|Any CPU.ActiveCfg = Debug|Any CPU
		{D5AD2801-0A0C-4CB5-B671-D76C256ADA8C}.Debug|Any CPU.Build.0 = Debug|Any CPU
		{D5AD2801-0A0C-4CB5-B671-D76C256ADA8C}.Release|Any CPU.ActiveCfg = Release|Any CPU
		{D5AD2801-0A0C-4CB5-B671-D76C256ADA8C}.Release|Any CPU.Build.0 = Release|Any CPU
		{B40BB65F-CB5B-4698-82EA-F1658E96F15A}.Debug|Any CPU.ActiveCfg = Debug|Any CPU
		{B40BB65F-CB5B-4698-82EA-F1658E96F15A}.Debug|Any CPU.Build.0 = Debug|Any CPU
		{B40BB65F-CB5B-4698-82EA-F1658E96F15A}.Release|Any CPU.ActiveCfg = Release|Any CPU
		{B40BB65F-CB5B-4698-82EA-F1658E96F15A}.Release|Any CPU.Build.0 = Release|Any CPU
	EndGlobalSection
	GlobalSection(SolutionProperties) = preSolution
		HideSolutionNode = FALSE
	EndGlobalSection
	GlobalSection(ExtensibilityGlobals) = postSolution
		SolutionGuid = {07F84DD4-EFF0-4616-BF81-6F34CFC43B1B}
	EndGlobalSection
EndGlobal
