
Microsoft Visual Studio Solution File, Format Version 12.00
# Visual Studio Version 17
VisualStudioVersion = 17.3.32901.215
MinimumVisualStudioVersion = 10.0.40219.1
Project("{FAE04EC0-301F-11D3-BF4B-00C04F79EFBC}") = "ThucHanh01", "ThucHanh01\ThucHanh01.csproj", "{326B5732-80A8-4E02-BCFB-333E8EDEB0CC}"
EndProject
Global
	GlobalSection(SolutionConfigurationPlatforms) = preSolution
		Debug|Any CPU = Debug|Any CPU
		Release|Any CPU = Release|Any CPU
	EndGlobalSection
	GlobalSection(ProjectConfigurationPlatforms) = postSolution
		{326B5732-80A8-4E02-BCFB-333E8EDEB0CC}.Debug|Any CPU.ActiveCfg = Debug|Any CPU
		{326B5732-80A8-4E02-BCFB-333E8EDEB0CC}.Debug|Any CPU.Build.0 = Debug|Any CPU
		{326B5732-80A8-4E02-BCFB-333E8EDEB0CC}.Release|Any CPU.ActiveCfg = Release|Any CPU
		{326B5732-80A8-4E02-BCFB-333E8EDEB0CC}.Release|Any CPU.Build.0 = Release|Any CPU
	EndGlobalSection
	GlobalSection(SolutionProperties) = preSolution
		HideSolutionNode = FALSE
	EndGlobalSection
	GlobalSection(ExtensibilityGlobals) = postSolution
		SolutionGuid = {FF187E06-FE5A-4B91-9BCF-C2E1B50E275F}
	EndGlobalSection
EndGlobal
