
Microsoft Visual Studio Solution File, Format Version 12.00
# Visual Studio Version 17
VisualStudioVersion = 17.3.32929.385
MinimumVisualStudioVersion = 10.0.40219.1
Project("{FAE04EC0-301F-11D3-BF4B-00C04F79EFBC}") = "BTH2_LaiChiThien_20520309", "BTH2_LaiChiThien_20520309\BTH2_LaiChiThien_20520309.csproj", "{FAEFB8BC-D0A5-492B-A188-615A6D570AB1}"
EndProject
Project("{FAE04EC0-301F-11D3-BF4B-00C04F79EFBC}") = "Bai01", "Bai01\Bai01.csproj", "{5C510986-8674-4C31-8510-F5CBE065167E}"
EndProject
Project("{FAE04EC0-301F-11D3-BF4B-00C04F79EFBC}") = "Bai02", "Bai02\Bai02.csproj", "{BD23D9E7-60BC-474D-84CB-3C481A869EA3}"
EndProject
Project("{FAE04EC0-301F-11D3-BF4B-00C04F79EFBC}") = "Bai03", "Bai03\Bai03.csproj", "{8EC31813-3B2B-49F5-8AFE-B7394C01DF33}"
EndProject
Project("{FAE04EC0-301F-11D3-BF4B-00C04F79EFBC}") = "Bai04", "Bai04\Bai04.csproj", "{169ECB71-591E-4392-ABDC-EA062E08EC3E}"
EndProject
Project("{FAE04EC0-301F-11D3-BF4B-00C04F79EFBC}") = "Bai05", "Bai05\Bai05.csproj", "{D536226F-F943-4111-B3EB-BD2DECB9E26A}"
EndProject
Global
	GlobalSection(SolutionConfigurationPlatforms) = preSolution
		Debug|Any CPU = Debug|Any CPU
		Release|Any CPU = Release|Any CPU
	EndGlobalSection
	GlobalSection(ProjectConfigurationPlatforms) = postSolution
		{FAEFB8BC-D0A5-492B-A188-615A6D570AB1}.Debug|Any CPU.ActiveCfg = Debug|Any CPU
		{FAEFB8BC-D0A5-492B-A188-615A6D570AB1}.Debug|Any CPU.Build.0 = Debug|Any CPU
		{FAEFB8BC-D0A5-492B-A188-615A6D570AB1}.Release|Any CPU.ActiveCfg = Release|Any CPU
		{FAEFB8BC-D0A5-492B-A188-615A6D570AB1}.Release|Any CPU.Build.0 = Release|Any CPU
		{5C510986-8674-4C31-8510-F5CBE065167E}.Debug|Any CPU.ActiveCfg = Debug|Any CPU
		{5C510986-8674-4C31-8510-F5CBE065167E}.Debug|Any CPU.Build.0 = Debug|Any CPU
		{5C510986-8674-4C31-8510-F5CBE065167E}.Release|Any CPU.ActiveCfg = Release|Any CPU
		{5C510986-8674-4C31-8510-F5CBE065167E}.Release|Any CPU.Build.0 = Release|Any CPU
		{BD23D9E7-60BC-474D-84CB-3C481A869EA3}.Debug|Any CPU.ActiveCfg = Debug|Any CPU
		{BD23D9E7-60BC-474D-84CB-3C481A869EA3}.Debug|Any CPU.Build.0 = Debug|Any CPU
		{BD23D9E7-60BC-474D-84CB-3C481A869EA3}.Release|Any CPU.ActiveCfg = Release|Any CPU
		{BD23D9E7-60BC-474D-84CB-3C481A869EA3}.Release|Any CPU.Build.0 = Release|Any CPU
		{8EC31813-3B2B-49F5-8AFE-B7394C01DF33}.Debug|Any CPU.ActiveCfg = Debug|Any CPU
		{8EC31813-3B2B-49F5-8AFE-B7394C01DF33}.Debug|Any CPU.Build.0 = Debug|Any CPU
		{8EC31813-3B2B-49F5-8AFE-B7394C01DF33}.Release|Any CPU.ActiveCfg = Release|Any CPU
		{8EC31813-3B2B-49F5-8AFE-B7394C01DF33}.Release|Any CPU.Build.0 = Release|Any CPU
		{169ECB71-591E-4392-ABDC-EA062E08EC3E}.Debug|Any CPU.ActiveCfg = Debug|Any CPU
		{169ECB71-591E-4392-ABDC-EA062E08EC3E}.Debug|Any CPU.Build.0 = Debug|Any CPU
		{169ECB71-591E-4392-ABDC-EA062E08EC3E}.Release|Any CPU.ActiveCfg = Release|Any CPU
		{169ECB71-591E-4392-ABDC-EA062E08EC3E}.Release|Any CPU.Build.0 = Release|Any CPU
		{D536226F-F943-4111-B3EB-BD2DECB9E26A}.Debug|Any CPU.ActiveCfg = Debug|Any CPU
		{D536226F-F943-4111-B3EB-BD2DECB9E26A}.Debug|Any CPU.Build.0 = Debug|Any CPU
		{D536226F-F943-4111-B3EB-BD2DECB9E26A}.Release|Any CPU.ActiveCfg = Release|Any CPU
		{D536226F-F943-4111-B3EB-BD2DECB9E26A}.Release|Any CPU.Build.0 = Release|Any CPU
	EndGlobalSection
	GlobalSection(SolutionProperties) = preSolution
		HideSolutionNode = FALSE
	EndGlobalSection
	GlobalSection(ExtensibilityGlobals) = postSolution
		SolutionGuid = {2F2EF72F-16CD-44F0-BBFE-8110D50FD1CA}
	EndGlobalSection
EndGlobal
