
Microsoft Visual Studio Solution File, Format Version 12.00
# Visual Studio Version 17
VisualStudioVersion = 17.3.32929.385
MinimumVisualStudioVersion = 10.0.40219.1
Project("{FAE04EC0-301F-11D3-BF4B-00C04F79EFBC}") = "ChinhSuaAnhBT", "ChinhSuaAnhBT\ChinhSuaAnhBT.csproj", "{1F254992-7E3F-428A-93A6-4AC0B4CF7D09}"
EndProject
Global
	GlobalSection(SolutionConfigurationPlatforms) = preSolution
		Debug|Any CPU = Debug|Any CPU
		Release|Any CPU = Release|Any CPU
	EndGlobalSection
	GlobalSection(ProjectConfigurationPlatforms) = postSolution
		{1F254992-7E3F-428A-93A6-4AC0B4CF7D09}.Debug|Any CPU.ActiveCfg = Debug|Any CPU
		{1F254992-7E3F-428A-93A6-4AC0B4CF7D09}.Debug|Any CPU.Build.0 = Debug|Any CPU
		{1F254992-7E3F-428A-93A6-4AC0B4CF7D09}.Release|Any CPU.ActiveCfg = Release|Any CPU
		{1F254992-7E3F-428A-93A6-4AC0B4CF7D09}.Release|Any CPU.Build.0 = Release|Any CPU
	EndGlobalSection
	GlobalSection(SolutionProperties) = preSolution
		HideSolutionNode = FALSE
	EndGlobalSection
	GlobalSection(ExtensibilityGlobals) = postSolution
		SolutionGuid = {A2544818-3FDC-4D24-88E6-E17CFE9DB3CC}
	EndGlobalSection
EndGlobal
