
Microsoft Visual Studio Solution File, Format Version 12.00
# Visual Studio Version 17
VisualStudioVersion = 17.3.32929.385
MinimumVisualStudioVersion = 10.0.40219.1
Project("{FAE04EC0-301F-11D3-BF4B-00C04F79EFBC}") = "Bai07", "Bai07\Bai07.csproj", "{764AD450-3F9F-40F8-950D-528F6BF2B61B}"
EndProject
Global
	GlobalSection(SolutionConfigurationPlatforms) = preSolution
		Debug|Any CPU = Debug|Any CPU
		Release|Any CPU = Release|Any CPU
	EndGlobalSection
	GlobalSection(ProjectConfigurationPlatforms) = postSolution
		{764AD450-3F9F-40F8-950D-528F6BF2B61B}.Debug|Any CPU.ActiveCfg = Debug|Any CPU
		{764AD450-3F9F-40F8-950D-528F6BF2B61B}.Debug|Any CPU.Build.0 = Debug|Any CPU
		{764AD450-3F9F-40F8-950D-528F6BF2B61B}.Release|Any CPU.ActiveCfg = Release|Any CPU
		{764AD450-3F9F-40F8-950D-528F6BF2B61B}.Release|Any CPU.Build.0 = Release|Any CPU
	EndGlobalSection
	GlobalSection(SolutionProperties) = preSolution
		HideSolutionNode = FALSE
	EndGlobalSection
	GlobalSection(ExtensibilityGlobals) = postSolution
		SolutionGuid = {4140808D-0018-4759-8C19-A2F7DC425BBA}
	EndGlobalSection
EndGlobal
